
Microsoft Visual Studio Solution File, Format Version 12.00
# Visual Studio Version 17
VisualStudioVersion = 17.7.34202.233
MinimumVisualStudioVersion = 10.0.40219.1
Project("{FAE04EC0-301F-11D3-BF4B-00C04F79EFBC}") = "UKALG_3", "UKALG_3\UKALG_3.csproj", "{15886250-8953-429A-AA80-299B9488D314}"
EndProject
Global
	GlobalSection(SolutionConfigurationPlatforms) = preSolution
		Debug|Any CPU = Debug|Any CPU
		Release|Any CPU = Release|Any CPU
	EndGlobalSection
	GlobalSection(ProjectConfigurationPlatforms) = postSolution
		{15886250-8953-429A-AA80-299B9488D314}.Debug|Any CPU.ActiveCfg = Debug|Any CPU
		{15886250-8953-429A-AA80-299B9488D314}.Debug|Any CPU.Build.0 = Debug|Any CPU
		{15886250-8953-429A-AA80-299B9488D314}.Release|Any CPU.ActiveCfg = Release|Any CPU
		{15886250-8953-429A-AA80-299B9488D314}.Release|Any CPU.Build.0 = Release|Any CPU
	EndGlobalSection
	GlobalSection(SolutionProperties) = preSolution
		HideSolutionNode = FALSE
	EndGlobalSection
	GlobalSection(ExtensibilityGlobals) = postSolution
		SolutionGuid = {0FF4D92B-CD57-4ED8-88C4-5611A94F088C}
	EndGlobalSection
EndGlobal
